// !$*UTF8*$!
{
	archiveVersion = 1;
	classes = {
	};
	objectVersion = 46;
	objects = {

/* Begin PBXBuildFile section */
		6613F3E31A2FD2760070E47F /* DormContainerViewController.swift in Sources */ = {isa = PBXBuildFile; fileRef = 6613F3E21A2FD2760070E47F /* DormContainerViewController.swift */; };
		666B6FFE1A26CBCD00E8EAAC /* AppDelegate.swift in Sources */ = {isa = PBXBuildFile; fileRef = 666B6FFD1A26CBCD00E8EAAC /* AppDelegate.swift */; };
		666B70051A26CBCD00E8EAAC /* Main.storyboard in Resources */ = {isa = PBXBuildFile; fileRef = 666B70031A26CBCD00E8EAAC /* Main.storyboard */; };
		666B70071A26CBCD00E8EAAC /* Images.xcassets in Resources */ = {isa = PBXBuildFile; fileRef = 666B70061A26CBCD00E8EAAC /* Images.xcassets */; };
		666B700A1A26CBCD00E8EAAC /* LaunchScreen.xib in Resources */ = {isa = PBXBuildFile; fileRef = 666B70081A26CBCD00E8EAAC /* LaunchScreen.xib */; };
		666B70161A26CBCD00E8EAAC /* BruinLifeTests.swift in Sources */ = {isa = PBXBuildFile; fileRef = 666B70151A26CBCD00E8EAAC /* BruinLifeTests.swift */; };
		666B70221A26CCD100E8EAAC /* DormTableViewController.swift in Sources */ = {isa = PBXBuildFile; fileRef = 666B70211A26CCD100E8EAAC /* DormTableViewController.swift */; };
		666B70241A26CCE000E8EAAC /* QuickTableViewController.swift in Sources */ = {isa = PBXBuildFile; fileRef = 666B70231A26CCE000E8EAAC /* QuickTableViewController.swift */; };
		666B702A1A26CDD400E8EAAC /* SettingsTableViewController.swift in Sources */ = {isa = PBXBuildFile; fileRef = 666B70291A26CDD400E8EAAC /* SettingsTableViewController.swift */; };
		666B702C1A26CF1600E8EAAC /* SwipesTableViewController.swift in Sources */ = {isa = PBXBuildFile; fileRef = 666B702B1A26CF1600E8EAAC /* SwipesTableViewController.swift */; };
		666B70321A26D4AC00E8EAAC /* FoodsScrollView.swift in Sources */ = {isa = PBXBuildFile; fileRef = 666B70311A26D4AC00E8EAAC /* FoodsScrollView.swift */; };
		666B70341A26D4B600E8EAAC /* FoodDisplay.swift in Sources */ = {isa = PBXBuildFile; fileRef = 666B70331A26D4B600E8EAAC /* FoodDisplay.swift */; };
		66755C4B1A306D2C0067C670 /* RestaurantTableViewCell.swift in Sources */ = {isa = PBXBuildFile; fileRef = 66755C4A1A306D2C0067C670 /* RestaurantTableViewCell.swift */; };
		669F43E81A280A140059F84E /* FoodTableViewController.swift in Sources */ = {isa = PBXBuildFile; fileRef = 669F43E71A280A140059F84E /* FoodTableViewController.swift */; };
		66DEC1AC1A2E9E9100C546FA /* CalendarView.swift in Sources */ = {isa = PBXBuildFile; fileRef = 66DEC1AB1A2E9E9100C546FA /* CalendarView.swift */; };
		66E553DD1A31582800BF314E /* MenuTableViewCell.swift in Sources */ = {isa = PBXBuildFile; fileRef = 66E553DC1A31582800BF314E /* MenuTableViewCell.swift */; };
/* End PBXBuildFile section */

/* Begin PBXContainerItemProxy section */
		666B70101A26CBCD00E8EAAC /* PBXContainerItemProxy */ = {
			isa = PBXContainerItemProxy;
			containerPortal = 666B6FF01A26CBCD00E8EAAC /* Project object */;
			proxyType = 1;
			remoteGlobalIDString = 666B6FF71A26CBCD00E8EAAC;
			remoteInfo = BruinLife;
		};
/* End PBXContainerItemProxy section */

/* Begin PBXFileReference section */
		6613F3E21A2FD2760070E47F /* DormContainerViewController.swift */ = {isa = PBXFileReference; fileEncoding = 4; lastKnownFileType = sourcecode.swift; path = DormContainerViewController.swift; sourceTree = "<group>"; };
		666B6FF81A26CBCD00E8EAAC /* BruinLife.app */ = {isa = PBXFileReference; explicitFileType = wrapper.application; includeInIndex = 0; path = BruinLife.app; sourceTree = BUILT_PRODUCTS_DIR; };
		666B6FFC1A26CBCD00E8EAAC /* Info.plist */ = {isa = PBXFileReference; lastKnownFileType = text.plist.xml; path = Info.plist; sourceTree = "<group>"; };
		666B6FFD1A26CBCD00E8EAAC /* AppDelegate.swift */ = {isa = PBXFileReference; lastKnownFileType = sourcecode.swift; path = AppDelegate.swift; sourceTree = "<group>"; };
		666B70041A26CBCD00E8EAAC /* Base */ = {isa = PBXFileReference; lastKnownFileType = file.storyboard; name = Base; path = Base.lproj/Main.storyboard; sourceTree = "<group>"; };
		666B70061A26CBCD00E8EAAC /* Images.xcassets */ = {isa = PBXFileReference; lastKnownFileType = folder.assetcatalog; path = Images.xcassets; sourceTree = "<group>"; };
		666B70091A26CBCD00E8EAAC /* Base */ = {isa = PBXFileReference; lastKnownFileType = file.xib; name = Base; path = Base.lproj/LaunchScreen.xib; sourceTree = "<group>"; };
		666B700F1A26CBCD00E8EAAC /* BruinLifeTests.xctest */ = {isa = PBXFileReference; explicitFileType = wrapper.cfbundle; includeInIndex = 0; path = BruinLifeTests.xctest; sourceTree = BUILT_PRODUCTS_DIR; };
		666B70141A26CBCD00E8EAAC /* Info.plist */ = {isa = PBXFileReference; lastKnownFileType = text.plist.xml; path = Info.plist; sourceTree = "<group>"; };
		666B70151A26CBCD00E8EAAC /* BruinLifeTests.swift */ = {isa = PBXFileReference; lastKnownFileType = sourcecode.swift; path = BruinLifeTests.swift; sourceTree = "<group>"; };
		666B70211A26CCD100E8EAAC /* DormTableViewController.swift */ = {isa = PBXFileReference; fileEncoding = 4; lastKnownFileType = sourcecode.swift; path = DormTableViewController.swift; sourceTree = "<group>"; };
		666B70231A26CCE000E8EAAC /* QuickTableViewController.swift */ = {isa = PBXFileReference; fileEncoding = 4; lastKnownFileType = sourcecode.swift; path = QuickTableViewController.swift; sourceTree = "<group>"; };
		666B70291A26CDD400E8EAAC /* SettingsTableViewController.swift */ = {isa = PBXFileReference; fileEncoding = 4; lastKnownFileType = sourcecode.swift; path = SettingsTableViewController.swift; sourceTree = "<group>"; };
		666B702B1A26CF1600E8EAAC /* SwipesTableViewController.swift */ = {isa = PBXFileReference; fileEncoding = 4; lastKnownFileType = sourcecode.swift; path = SwipesTableViewController.swift; sourceTree = "<group>"; };
		666B70311A26D4AC00E8EAAC /* FoodsScrollView.swift */ = {isa = PBXFileReference; fileEncoding = 4; lastKnownFileType = sourcecode.swift; path = FoodsScrollView.swift; sourceTree = "<group>"; };
		666B70331A26D4B600E8EAAC /* FoodDisplay.swift */ = {isa = PBXFileReference; fileEncoding = 4; lastKnownFileType = sourcecode.swift; path = FoodDisplay.swift; sourceTree = "<group>"; };
		66755C4A1A306D2C0067C670 /* RestaurantTableViewCell.swift */ = {isa = PBXFileReference; fileEncoding = 4; lastKnownFileType = sourcecode.swift; path = RestaurantTableViewCell.swift; sourceTree = "<group>"; };
		669F43E71A280A140059F84E /* FoodTableViewController.swift */ = {isa = PBXFileReference; fileEncoding = 4; lastKnownFileType = sourcecode.swift; path = FoodTableViewController.swift; sourceTree = "<group>"; usesTabs = 1; };
		66DEC1AB1A2E9E9100C546FA /* CalendarView.swift */ = {isa = PBXFileReference; fileEncoding = 4; lastKnownFileType = sourcecode.swift; path = CalendarView.swift; sourceTree = "<group>"; };
		66E553DC1A31582800BF314E /* MenuTableViewCell.swift */ = {isa = PBXFileReference; fileEncoding = 4; lastKnownFileType = sourcecode.swift; path = MenuTableViewCell.swift; sourceTree = "<group>"; };
/* End PBXFileReference section */

/* Begin PBXFrameworksBuildPhase section */
		666B6FF51A26CBCD00E8EAAC /* Frameworks */ = {
			isa = PBXFrameworksBuildPhase;
			buildActionMask = 2147483647;
			files = (
			);
			runOnlyForDeploymentPostprocessing = 0;
		};
		666B700C1A26CBCD00E8EAAC /* Frameworks */ = {
			isa = PBXFrameworksBuildPhase;
			buildActionMask = 2147483647;
			files = (
			);
			runOnlyForDeploymentPostprocessing = 0;
		};
/* End PBXFrameworksBuildPhase section */

/* Begin PBXGroup section */
		6613F3DF1A2FD18A0070E47F /* PageController */ = {
			isa = PBXGroup;
			children = (
				6613F3E21A2FD2760070E47F /* DormContainerViewController.swift */,
			);
			name = PageController;
			sourceTree = "<group>";
		};
		665CCB3E1A2C4AB300E8BF92 /* Calendar */ = {
			isa = PBXGroup;
			children = (
				66DEC1AB1A2E9E9100C546FA /* CalendarView.swift */,
			);
			name = Calendar;
			sourceTree = "<group>";
		};
		666B6FEF1A26CBCD00E8EAAC = {
			isa = PBXGroup;
			children = (
				666B6FFA1A26CBCD00E8EAAC /* BruinLife */,
				666B70121A26CBCD00E8EAAC /* BruinLifeTests */,
				666B6FF91A26CBCD00E8EAAC /* Products */,
			);
			sourceTree = "<group>";
		};
		666B6FF91A26CBCD00E8EAAC /* Products */ = {
			isa = PBXGroup;
			children = (
				666B6FF81A26CBCD00E8EAAC /* BruinLife.app */,
				666B700F1A26CBCD00E8EAAC /* BruinLifeTests.xctest */,
			);
			name = Products;
			sourceTree = "<group>";
		};
		666B6FFA1A26CBCD00E8EAAC /* BruinLife */ = {
			isa = PBXGroup;
			children = (
				666B70261A26CD4B00E8EAAC /* Other */,
				666B70251A26CD0B00E8EAAC /* Required */,
				6613F3DF1A2FD18A0070E47F /* PageController */,
				665CCB3E1A2C4AB300E8BF92 /* Calendar */,
				666B70201A26CC4700E8EAAC /* Food View Controllers */,
				66E553E01A31584900BF314E /* Cells */,
				666B70351A26D4BE00E8EAAC /* Displays */,
				666B6FFB1A26CBCD00E8EAAC /* Supporting Files */,
			);
			path = BruinLife;
			sourceTree = "<group>";
		};
		666B6FFB1A26CBCD00E8EAAC /* Supporting Files */ = {
			isa = PBXGroup;
			children = (
				666B6FFC1A26CBCD00E8EAAC /* Info.plist */,
			);
			name = "Supporting Files";
			sourceTree = "<group>";
		};
		666B70121A26CBCD00E8EAAC /* BruinLifeTests */ = {
			isa = PBXGroup;
			children = (
				666B70151A26CBCD00E8EAAC /* BruinLifeTests.swift */,
				666B70131A26CBCD00E8EAAC /* Supporting Files */,
			);
			path = BruinLifeTests;
			sourceTree = "<group>";
		};
		666B70131A26CBCD00E8EAAC /* Supporting Files */ = {
			isa = PBXGroup;
			children = (
				666B70141A26CBCD00E8EAAC /* Info.plist */,
			);
			name = "Supporting Files";
			sourceTree = "<group>";
		};
		666B70201A26CC4700E8EAAC /* Food View Controllers */ = {
			isa = PBXGroup;
			children = (
				669F43E71A280A140059F84E /* FoodTableViewController.swift */,
				666B70211A26CCD100E8EAAC /* DormTableViewController.swift */,
				666B70231A26CCE000E8EAAC /* QuickTableViewController.swift */,
			);
			name = "Food View Controllers";
			sourceTree = "<group>";
		};
		666B70251A26CD0B00E8EAAC /* Required */ = {
			isa = PBXGroup;
			children = (
				666B6FFD1A26CBCD00E8EAAC /* AppDelegate.swift */,
				666B70031A26CBCD00E8EAAC /* Main.storyboard */,
				666B70061A26CBCD00E8EAAC /* Images.xcassets */,
				666B70081A26CBCD00E8EAAC /* LaunchScreen.xib */,
			);
			name = Required;
			sourceTree = "<group>";
		};
		666B70261A26CD4B00E8EAAC /* Other */ = {
			isa = PBXGroup;
			children = (
				666B70291A26CDD400E8EAAC /* SettingsTableViewController.swift */,
				666B702B1A26CF1600E8EAAC /* SwipesTableViewController.swift */,
			);
			name = Other;
			sourceTree = "<group>";
		};
		666B70351A26D4BE00E8EAAC /* Displays */ = {
			isa = PBXGroup;
			children = (
				666B70311A26D4AC00E8EAAC /* FoodsScrollView.swift */,
				666B70331A26D4B600E8EAAC /* FoodDisplay.swift */,
			);
			name = Displays;
			sourceTree = "<group>";
		};
		66E553E01A31584900BF314E /* Cells */ = {
			isa = PBXGroup;
			children = (
				66755C4A1A306D2C0067C670 /* RestaurantTableViewCell.swift */,
				66E553DC1A31582800BF314E /* MenuTableViewCell.swift */,
			);
			name = Cells;
			sourceTree = "<group>";
		};
/* End PBXGroup section */

/* Begin PBXNativeTarget section */
		666B6FF71A26CBCD00E8EAAC /* BruinLife */ = {
			isa = PBXNativeTarget;
			buildConfigurationList = 666B70191A26CBCD00E8EAAC /* Build configuration list for PBXNativeTarget "BruinLife" */;
			buildPhases = (
				666B6FF41A26CBCD00E8EAAC /* Sources */,
				666B6FF51A26CBCD00E8EAAC /* Frameworks */,
				666B6FF61A26CBCD00E8EAAC /* Resources */,
			);
			buildRules = (
			);
			dependencies = (
			);
			name = BruinLife;
			productName = BruinLife;
			productReference = 666B6FF81A26CBCD00E8EAAC /* BruinLife.app */;
			productType = "com.apple.product-type.application";
		};
		666B700E1A26CBCD00E8EAAC /* BruinLifeTests */ = {
			isa = PBXNativeTarget;
			buildConfigurationList = 666B701C1A26CBCD00E8EAAC /* Build configuration list for PBXNativeTarget "BruinLifeTests" */;
			buildPhases = (
				666B700B1A26CBCD00E8EAAC /* Sources */,
				666B700C1A26CBCD00E8EAAC /* Frameworks */,
				666B700D1A26CBCD00E8EAAC /* Resources */,
			);
			buildRules = (
			);
			dependencies = (
				666B70111A26CBCD00E8EAAC /* PBXTargetDependency */,
			);
			name = BruinLifeTests;
			productName = BruinLifeTests;
			productReference = 666B700F1A26CBCD00E8EAAC /* BruinLifeTests.xctest */;
			productType = "com.apple.product-type.bundle.unit-test";
		};
/* End PBXNativeTarget section */

/* Begin PBXProject section */
		666B6FF01A26CBCD00E8EAAC /* Project object */ = {
			isa = PBXProject;
			attributes = {
				LastUpgradeCheck = 0610;
				ORGANIZATIONNAME = "Matthew DeCoste";
				TargetAttributes = {
					666B6FF71A26CBCD00E8EAAC = {
						CreatedOnToolsVersion = 6.1;
					};
					666B700E1A26CBCD00E8EAAC = {
						CreatedOnToolsVersion = 6.1;
						TestTargetID = 666B6FF71A26CBCD00E8EAAC;
					};
				};
			};
			buildConfigurationList = 666B6FF31A26CBCD00E8EAAC /* Build configuration list for PBXProject "BruinLife" */;
			compatibilityVersion = "Xcode 3.2";
			developmentRegion = English;
			hasScannedForEncodings = 0;
			knownRegions = (
				en,
				Base,
			);
			mainGroup = 666B6FEF1A26CBCD00E8EAAC;
			productRefGroup = 666B6FF91A26CBCD00E8EAAC /* Products */;
			projectDirPath = "";
			projectRoot = "";
			targets = (
				666B6FF71A26CBCD00E8EAAC /* BruinLife */,
				666B700E1A26CBCD00E8EAAC /* BruinLifeTests */,
			);
		};
/* End PBXProject section */

/* Begin PBXResourcesBuildPhase section */
		666B6FF61A26CBCD00E8EAAC /* Resources */ = {
			isa = PBXResourcesBuildPhase;
			buildActionMask = 2147483647;
			files = (
				666B70051A26CBCD00E8EAAC /* Main.storyboard in Resources */,
				666B700A1A26CBCD00E8EAAC /* LaunchScreen.xib in Resources */,
				666B70071A26CBCD00E8EAAC /* Images.xcassets in Resources */,
			);
			runOnlyForDeploymentPostprocessing = 0;
		};
		666B700D1A26CBCD00E8EAAC /* Resources */ = {
			isa = PBXResourcesBuildPhase;
			buildActionMask = 2147483647;
			files = (
			);
			runOnlyForDeploymentPostprocessing = 0;
		};
/* End PBXResourcesBuildPhase section */

/* Begin PBXSourcesBuildPhase section */
		666B6FF41A26CBCD00E8EAAC /* Sources */ = {
			isa = PBXSourcesBuildPhase;
			buildActionMask = 2147483647;
			files = (
				666B702C1A26CF1600E8EAAC /* SwipesTableViewController.swift in Sources */,
				66DEC1AC1A2E9E9100C546FA /* CalendarView.swift in Sources */,
				66E553DD1A31582800BF314E /* MenuTableViewCell.swift in Sources */,
				666B70341A26D4B600E8EAAC /* FoodDisplay.swift in Sources */,
				666B70221A26CCD100E8EAAC /* DormTableViewController.swift in Sources */,
				66755C4B1A306D2C0067C670 /* RestaurantTableViewCell.swift in Sources */,
				666B702A1A26CDD400E8EAAC /* SettingsTableViewController.swift in Sources */,
				6613F3E31A2FD2760070E47F /* DormContainerViewController.swift in Sources */,
				666B70241A26CCE000E8EAAC /* QuickTableViewController.swift in Sources */,
				666B70321A26D4AC00E8EAAC /* FoodsScrollView.swift in Sources */,
				669F43E81A280A140059F84E /* FoodTableViewController.swift in Sources */,
				666B6FFE1A26CBCD00E8EAAC /* AppDelegate.swift in Sources */,
			);
			runOnlyForDeploymentPostprocessing = 0;
		};
		666B700B1A26CBCD00E8EAAC /* Sources */ = {
			isa = PBXSourcesBuildPhase;
			buildActionMask = 2147483647;
			files = (
				666B70161A26CBCD00E8EAAC /* BruinLifeTests.swift in Sources */,
			);
			runOnlyForDeploymentPostprocessing = 0;
		};
/* End PBXSourcesBuildPhase section */

/* Begin PBXTargetDependency section */
		666B70111A26CBCD00E8EAAC /* PBXTargetDependency */ = {
			isa = PBXTargetDependency;
			target = 666B6FF71A26CBCD00E8EAAC /* BruinLife */;
			targetProxy = 666B70101A26CBCD00E8EAAC /* PBXContainerItemProxy */;
		};
/* End PBXTargetDependency section */

/* Begin PBXVariantGroup section */
		666B70031A26CBCD00E8EAAC /* Main.storyboard */ = {
			isa = PBXVariantGroup;
			children = (
				666B70041A26CBCD00E8EAAC /* Base */,
			);
			name = Main.storyboard;
			sourceTree = "<group>";
		};
		666B70081A26CBCD00E8EAAC /* LaunchScreen.xib */ = {
			isa = PBXVariantGroup;
			children = (
				666B70091A26CBCD00E8EAAC /* Base */,
			);
			name = LaunchScreen.xib;
			sourceTree = "<group>";
		};
/* End PBXVariantGroup section */

/* Begin XCBuildConfiguration section */
		666B70171A26CBCD00E8EAAC /* Debug */ = {
			isa = XCBuildConfiguration;
			buildSettings = {
				ALWAYS_SEARCH_USER_PATHS = NO;
				CLANG_CXX_LANGUAGE_STANDARD = "gnu++0x";
				CLANG_CXX_LIBRARY = "libc++";
				CLANG_ENABLE_MODULES = YES;
				CLANG_ENABLE_OBJC_ARC = YES;
				CLANG_WARN_BOOL_CONVERSION = YES;
				CLANG_WARN_CONSTANT_CONVERSION = YES;
				CLANG_WARN_DIRECT_OBJC_ISA_USAGE = YES_ERROR;
				CLANG_WARN_EMPTY_BODY = YES;
				CLANG_WARN_ENUM_CONVERSION = YES;
				CLANG_WARN_INT_CONVERSION = YES;
				CLANG_WARN_OBJC_ROOT_CLASS = YES_ERROR;
				CLANG_WARN_UNREACHABLE_CODE = YES;
				CLANG_WARN__DUPLICATE_METHOD_MATCH = YES;
				"CODE_SIGN_IDENTITY[sdk=iphoneos*]" = "iPhone Developer";
				COPY_PHASE_STRIP = NO;
				ENABLE_STRICT_OBJC_MSGSEND = YES;
				GCC_C_LANGUAGE_STANDARD = gnu99;
				GCC_DYNAMIC_NO_PIC = NO;
				GCC_OPTIMIZATION_LEVEL = 0;
				GCC_PREPROCESSOR_DEFINITIONS = (
					"DEBUG=1",
					"$(inherited)",
				);
				GCC_SYMBOLS_PRIVATE_EXTERN = NO;
				GCC_WARN_64_TO_32_BIT_CONVERSION = YES;
				GCC_WARN_ABOUT_RETURN_TYPE = YES_ERROR;
				GCC_WARN_UNDECLARED_SELECTOR = YES;
				GCC_WARN_UNINITIALIZED_AUTOS = YES_AGGRESSIVE;
				GCC_WARN_UNUSED_FUNCTION = YES;
				GCC_WARN_UNUSED_VARIABLE = YES;
				IPHONEOS_DEPLOYMENT_TARGET = 8.1;
				MTL_ENABLE_DEBUG_INFO = YES;
				ONLY_ACTIVE_ARCH = YES;
				SDKROOT = iphoneos;
				SWIFT_OPTIMIZATION_LEVEL = "-Onone";
			};
			name = Debug;
		};
		666B70181A26CBCD00E8EAAC /* Release */ = {
			isa = XCBuildConfiguration;
			buildSettings = {
				ALWAYS_SEARCH_USER_PATHS = NO;
				CLANG_CXX_LANGUAGE_STANDARD = "gnu++0x";
				CLANG_CXX_LIBRARY = "libc++";
				CLANG_ENABLE_MODULES = YES;
				CLANG_ENABLE_OBJC_ARC = YES;
				CLANG_WARN_BOOL_CONVERSION = YES;
				CLANG_WARN_CONSTANT_CONVERSION = YES;
				CLANG_WARN_DIRECT_OBJC_ISA_USAGE = YES_ERROR;
				CLANG_WARN_EMPTY_BODY = YES;
				CLANG_WARN_ENUM_CONVERSION = YES;
				CLANG_WARN_INT_CONVERSION = YES;
				CLANG_WARN_OBJC_ROOT_CLASS = YES_ERROR;
				CLANG_WARN_UNREACHABLE_CODE = YES;
				CLANG_WARN__DUPLICATE_METHOD_MATCH = YES;
				"CODE_SIGN_IDENTITY[sdk=iphoneos*]" = "iPhone Developer";
				COPY_PHASE_STRIP = YES;
				ENABLE_NS_ASSERTIONS = NO;
				ENABLE_STRICT_OBJC_MSGSEND = YES;
				GCC_C_LANGUAGE_STANDARD = gnu99;
				GCC_WARN_64_TO_32_BIT_CONVERSION = YES;
				GCC_WARN_ABOUT_RETURN_TYPE = YES_ERROR;
				GCC_WARN_UNDECLARED_SELECTOR = YES;
				GCC_WARN_UNINITIALIZED_AUTOS = YES_AGGRESSIVE;
				GCC_WARN_UNUSED_FUNCTION = YES;
				GCC_WARN_UNUSED_VARIABLE = YES;
				IPHONEOS_DEPLOYMENT_TARGET = 8.1;
				MTL_ENABLE_DEBUG_INFO = NO;
				SDKROOT = iphoneos;
				VALIDATE_PRODUCT = YES;
			};
			name = Release;
		};
		666B701A1A26CBCD00E8EAAC /* Debug */ = {
			isa = XCBuildConfiguration;
			buildSettings = {
				ASSETCATALOG_COMPILER_APPICON_NAME = AppIcon;
				INFOPLIST_FILE = BruinLife/Info.plist;
				LD_RUNPATH_SEARCH_PATHS = "$(inherited) @executable_path/Frameworks";
				PRODUCT_NAME = "$(TARGET_NAME)";
			};
			name = Debug;
		};
		666B701B1A26CBCD00E8EAAC /* Release */ = {
			isa = XCBuildConfiguration;
			buildSettings = {
				ASSETCATALOG_COMPILER_APPICON_NAME = AppIcon;
				INFOPLIST_FILE = BruinLife/Info.plist;
				LD_RUNPATH_SEARCH_PATHS = "$(inherited) @executable_path/Frameworks";
				PRODUCT_NAME = "$(TARGET_NAME)";
			};
			name = Release;
		};
		666B701D1A26CBCD00E8EAAC /* Debug */ = {
			isa = XCBuildConfiguration;
			buildSettings = {
				BUNDLE_LOADER = "$(TEST_HOST)";
				FRAMEWORK_SEARCH_PATHS = (
					"$(SDKROOT)/Developer/Library/Frameworks",
					"$(inherited)",
				);
				GCC_PREPROCESSOR_DEFINITIONS = (
					"DEBUG=1",
					"$(inherited)",
				);
				INFOPLIST_FILE = BruinLifeTests/Info.plist;
				LD_RUNPATH_SEARCH_PATHS = "$(inherited) @executable_path/Frameworks @loader_path/Frameworks";
				PRODUCT_NAME = "$(TARGET_NAME)";
				TEST_HOST = "$(BUILT_PRODUCTS_DIR)/BruinLife.app/BruinLife";
			};
			name = Debug;
		};
		666B701E1A26CBCD00E8EAAC /* Release */ = {
			isa = XCBuildConfiguration;
			buildSettings = {
				BUNDLE_LOADER = "$(TEST_HOST)";
				FRAMEWORK_SEARCH_PATHS = (
					"$(SDKROOT)/Developer/Library/Frameworks",
					"$(inherited)",
				);
				INFOPLIST_FILE = BruinLifeTests/Info.plist;
				LD_RUNPATH_SEARCH_PATHS = "$(inherited) @executable_path/Frameworks @loader_path/Frameworks";
				PRODUCT_NAME = "$(TARGET_NAME)";
				TEST_HOST = "$(BUILT_PRODUCTS_DIR)/BruinLife.app/BruinLife";
			};
			name = Release;
		};
/* End XCBuildConfiguration section */

/* Begin XCConfigurationList section */
		666B6FF31A26CBCD00E8EAAC /* Build configuration list for PBXProject "BruinLife" */ = {
			isa = XCConfigurationList;
			buildConfigurations = (
				666B70171A26CBCD00E8EAAC /* Debug */,
				666B70181A26CBCD00E8EAAC /* Release */,
			);
			defaultConfigurationIsVisible = 0;
			defaultConfigurationName = Release;
		};
		666B70191A26CBCD00E8EAAC /* Build configuration list for PBXNativeTarget "BruinLife" */ = {
			isa = XCConfigurationList;
			buildConfigurations = (
				666B701A1A26CBCD00E8EAAC /* Debug */,
				666B701B1A26CBCD00E8EAAC /* Release */,
			);
			defaultConfigurationIsVisible = 0;
			defaultConfigurationName = Release;
		};
		666B701C1A26CBCD00E8EAAC /* Build configuration list for PBXNativeTarget "BruinLifeTests" */ = {
			isa = XCConfigurationList;
			buildConfigurations = (
				666B701D1A26CBCD00E8EAAC /* Debug */,
				666B701E1A26CBCD00E8EAAC /* Release */,
			);
			defaultConfigurationIsVisible = 0;
			defaultConfigurationName = Release;
		};
/* End XCConfigurationList section */
	};
	rootObject = 666B6FF01A26CBCD00E8EAAC /* Project object */;
}
